
Microsoft Visual Studio Solution File, Format Version 12.00
# Visual Studio Version 17
VisualStudioVersion = 17.2.32516.85
MinimumVisualStudioVersion = 10.0.40219.1
Project("{FAE04EC0-301F-11D3-BF4B-00C04F79EFBC}") = "project_isi", "project_isi\project_isi.csproj", "{BB556FE7-32A7-45C0-8560-B085F59C5152}"
EndProject
Global
	GlobalSection(SolutionConfigurationPlatforms) = preSolution
		Debug|Any CPU = Debug|Any CPU
		Release|Any CPU = Release|Any CPU
	EndGlobalSection
	GlobalSection(ProjectConfigurationPlatforms) = postSolution
		{BB556FE7-32A7-45C0-8560-B085F59C5152}.Debug|Any CPU.ActiveCfg = Debug|Any CPU
		{BB556FE7-32A7-45C0-8560-B085F59C5152}.Debug|Any CPU.Build.0 = Debug|Any CPU
		{BB556FE7-32A7-45C0-8560-B085F59C5152}.Release|Any CPU.ActiveCfg = Release|Any CPU
		{BB556FE7-32A7-45C0-8560-B085F59C5152}.Release|Any CPU.Build.0 = Release|Any CPU
	EndGlobalSection
	GlobalSection(SolutionProperties) = preSolution
		HideSolutionNode = FALSE
	EndGlobalSection
	GlobalSection(ExtensibilityGlobals) = postSolution
		SolutionGuid = {116B99F1-2345-49F7-AB3B-1FB985339E2B}
	EndGlobalSection
EndGlobal
